<?xml version="1.0" encoding="utf-8"?>
<Project ToolsVersion="4.0" xmlns="http://schemas.microsoft.com/developer/msbuild/2003">
  <ItemGroup>
    <Filter Include="Source Files">
      <UniqueIdentifier>{4FC737F1-C7A5-4376-A066-2A32D752A2FF}</UniqueIdentifier>
      <Extensions>cpp;c;cc;cxx;c++;cppm;ixx;def;odl;idl;hpj;bat;asm;asmx</Extensions>
    </Filter>
    <Filter Include="Header Files">
      <UniqueIdentifier>{93995380-89BD-4b04-88EB-625FBE52EBFB}</UniqueIdentifier>
      <Extensions>h;hh;hpp;hxx;h++;hm;inl;inc;ipp;xsd</Extensions>
    </Filter>
    <Filter Include="Resource Files">
      <UniqueIdentifier>{67DA6AB6-F800-4c08-8B7A-83BB121AAD01}</UniqueIdentifier>
      <Extensions>rc;ico;cur;bmp;dlg;rc2;rct;bin;rgs;gif;jpg;jpeg;jpe;resx;tiff;tif;png;wav;mfcribbon-ms</Extensions>
    </Filter>
    <Filter Include="Resource Files\shaders">
      <UniqueIdentifier>{98104abb-2098-49be-9eb7-9f0b62942c05}</UniqueIdentifier>
    </Filter>
    <Filter Include="Header Files\imgui">
      <UniqueIdentifier>{b9a08750-4696-48f2-9172-274adce2cd31}</UniqueIdentifier>
    </Filter>
    <Filter Include="Source Files\imgui">
      <UniqueIdentifier>{e888925c-f6e5-4d73-9d43-a8b77a6e61d1}</UniqueIdentifier>
    </Filter>
  </ItemGroup>
  <ItemGroup>
    <None Include="shaders\default.frag">
      <Filter>Resource Files\shaders</Filter>
    </None>
    <None Include="shaders\default.vert">
      <Filter>Resource Files\shaders</Filter>
    </None>
    <None Include="shaders\bloom.frag">
      <Filter>Resource Files\shaders</Filter>
    </None>
    <None Include="shaders\display.frag">
      <Filter>Resource Files\shaders</Filter>
    </None>
    <None Include="shaders\postProcess.frag">
      <Filter>Resource Files\shaders</Filter>
    </None>
  </ItemGroup>
  <ItemGroup>
    <ClCompile Include="source\glad.c">
      <Filter>Source Files</Filter>
    </ClCompile>
    <ClCompile Include="source\camera.cpp">
      <Filter>Source Files</Filter>
    </ClCompile>
    <ClCompile Include="source\framebuffer.cpp">
      <Filter>Source Files</Filter>
    </ClCompile>
    <ClCompile Include="source\Main.cpp">
      <Filter>Source Files</Filter>
    </ClCompile>
    <ClCompile Include="source\mygui.cpp">
      <Filter>Source Files</Filter>
    </ClCompile>
    <ClCompile Include="source\object.cpp">
      <Filter>Source Files</Filter>
    </ClCompile>
    <ClCompile Include="source\scene.cpp">
      <Filter>Source Files</Filter>
    </ClCompile>
    <ClCompile Include="source\shader.cpp">
      <Filter>Source Files</Filter>
    </ClCompile>
    <ClCompile Include="source\skybox.cpp">
      <Filter>Source Files</Filter>
    </ClCompile>
    <ClCompile Include="source\stb.cpp">
      <Filter>Source Files</Filter>
    </ClCompile>
    <ClCompile Include="source\texture.cpp">
      <Filter>Source Files</Filter>
    </ClCompile>
    <ClCompile Include="source\vao.cpp">
      <Filter>Source Files</Filter>
    </ClCompile>
    <ClCompile Include="Lybraries\include\imgui\imgui_widgets.cpp">
      <Filter>Source Files\imgui</Filter>
    </ClCompile>
    <ClCompile Include="Lybraries\include\imgui\imgui_tables.cpp">
      <Filter>Source Files\imgui</Filter>
    </ClCompile>
    <ClCompile Include="Lybraries\include\imgui\imgui_impl_opengl3.cpp">
      <Filter>Source Files\imgui</Filter>
    </ClCompile>
    <ClCompile Include="Lybraries\include\imgui\imgui_impl_glfw.cpp">
      <Filter>Source Files\imgui</Filter>
    </ClCompile>
    <ClCompile Include="Lybraries\include\imgui\imgui_draw.cpp">
      <Filter>Source Files\imgui</Filter>
    </ClCompile>
    <ClCompile Include="Lybraries\include\imgui\imgui_demo.cpp">
      <Filter>Source Files\imgui</Filter>
    </ClCompile>
    <ClCompile Include="Lybraries\include\imgui\imgui.cpp">
      <Filter>Source Files\imgui</Filter>
    </ClCompile>
  </ItemGroup>
  <ItemGroup>
    <ClInclude Include="source\object.h">
      <Filter>Header Files</Filter>
    </ClInclude>
    <ClInclude Include="source\scene.h">
      <Filter>Header Files</Filter>
    </ClInclude>
    <ClInclude Include="source\shader.h">
      <Filter>Header Files</Filter>
    </ClInclude>
    <ClInclude Include="source\skybox.h">
      <Filter>Header Files</Filter>
    </ClInclude>
    <ClInclude Include="source\texture.h">
      <Filter>Header Files</Filter>
    </ClInclude>
    <ClInclude Include="source\vao.h">
      <Filter>Header Files</Filter>
    </ClInclude>
    <ClInclude Include="source\camera.h">
      <Filter>Header Files</Filter>
    </ClInclude>
    <ClInclude Include="source\framebuffer.h">
      <Filter>Header Files</Filter>
    </ClInclude>
    <ClInclude Include="Lybraries\include\imgui\imgui_impl_opengl3.h">
      <Filter>Header Files\imgui</Filter>
    </ClInclude>
    <ClInclude Include="Lybraries\include\imgui\imgui_impl_glfw.h">
      <Filter>Header Files\imgui</Filter>
    </ClInclude>
    <ClInclude Include="Lybraries\include\imgui\imgui.h">
      <Filter>Header Files\imgui</Filter>
    </ClInclude>
    <ClInclude Include="Lybraries\include\imgui\imconfig.h">
      <Filter>Header Files\imgui</Filter>
    </ClInclude>
    <ClInclude Include="Lybraries\include\imgui\imstb_truetype.h">
      <Filter>Header Files\imgui</Filter>
    </ClInclude>
    <ClInclude Include="Lybraries\include\imgui\imstb_textedit.h">
      <Filter>Header Files\imgui</Filter>
    </ClInclude>
    <ClInclude Include="Lybraries\include\imgui\imstb_rectpack.h">
      <Filter>Header Files\imgui</Filter>
    </ClInclude>
    <ClInclude Include="Lybraries\include\imgui\imgui_internal.h">
      <Filter>Header Files\imgui</Filter>
    </ClInclude>
    <ClInclude Include="Lybraries\include\imgui\imgui_impl_opengl3_loader.h">
      <Filter>Header Files\imgui</Filter>
    </ClInclude>
    <ClInclude Include="source\mygui.h">
      <Filter>Header Files\imgui</Filter>
    </ClInclude>
  </ItemGroup>
</Project>